// !$*UTF8*$!
{
	archiveVersion = 1;
	classes = {
	};
	objectVersion = 46;
	objects = {

/* Begin PBXBuildFile section */
		430F2D181DFC43E6003CFF01 /* BallSprite.swift in Sources */ = {isa = PBXBuildFile; fileRef = 430F2D171DFC43E6003CFF01 /* BallSprite.swift */; };
		43472C171DABF5CD00B00FAB /* GameScene.swift in Sources */ = {isa = PBXBuildFile; fileRef = 43472C161DABF5CD00B00FAB /* GameScene.swift */; };
		43472C191DABF5CD00B00FAB /* GameViewController.swift in Sources */ = {isa = PBXBuildFile; fileRef = 43472C181DABF5CD00B00FAB /* GameViewController.swift */; };
		43472C1C1DABF5CD00B00FAB /* Main.storyboard in Resources */ = {isa = PBXBuildFile; fileRef = 43472C1A1DABF5CD00B00FAB /* Main.storyboard */; };
		43472C1E1DABF5CD00B00FAB /* Assets.xcassets in Resources */ = {isa = PBXBuildFile; fileRef = 43472C1D1DABF5CD00B00FAB /* Assets.xcassets */; };
		43479DCC1E19C19C0095917F /* GameLoseScene.swift in Sources */ = {isa = PBXBuildFile; fileRef = 43479DCB1E19C19C0095917F /* GameLoseScene.swift */; };
		4359F9FD1EB63BFA0064A8F0 /* GameView.swift in Sources */ = {isa = PBXBuildFile; fileRef = 4359F9FC1EB63BFA0064A8F0 /* GameView.swift */; };
		436AC0441E072D81007167D8 /* Extensions.swift in Sources */ = {isa = PBXBuildFile; fileRef = 436AC0431E072D81007167D8 /* Extensions.swift */; };
		43B763AF1DE3D195006461C1 /* GameModel.swift in Sources */ = {isa = PBXBuildFile; fileRef = 43B763AE1DE3D195006461C1 /* GameModel.swift */; };
		43D5AF2A1EE3AFDE00D2AC07 /* ThemeManager.swift in Sources */ = {isa = PBXBuildFile; fileRef = 43D5AF291EE3AFDE00D2AC07 /* ThemeManager.swift */; };
		43E719771E073F7B0026E32D /* GameStartMenu.swift in Sources */ = {isa = PBXBuildFile; fileRef = 43E719761E073F7B0026E32D /* GameStartMenu.swift */; };
		43E7197D1E088CF10026E32D /* ButtonSprite.swift in Sources */ = {isa = PBXBuildFile; fileRef = 43E7197C1E088CF10026E32D /* ButtonSprite.swift */; };
		43E7197F1E088D660026E32D /* Defined.swift in Sources */ = {isa = PBXBuildFile; fileRef = 43E7197E1E088D660026E32D /* Defined.swift */; };
		43E9AEC51E344941003508FF /* GameKit.framework in Frameworks */ = {isa = PBXBuildFile; fileRef = 43E9AEC41E344941003508FF /* GameKit.framework */; };
		68764006B96371C1A1E91B96 /* AppDelegate.swift in Sources */ = {isa = PBXBuildFile; fileRef = 68764038726F21E8AE84CC81 /* AppDelegate.swift */; };
		6876411BBE331DCA3975F533 /* SpinZoneLevel.swift in Sources */ = {isa = PBXBuildFile; fileRef = 687643459D2A588669F060E9 /* SpinZoneLevel.swift */; };
		687641D854562CDBB24FEA26 /* SpinZoneManager.swift in Sources */ = {isa = PBXBuildFile; fileRef = 6876463ABBA9BD179332AE87 /* SpinZoneManager.swift */; };
		6876427F300DA916B410BAAC /* LaunchScreen.storyboard in Resources */ = {isa = PBXBuildFile; fileRef = 687646D7D878F7DA609FCA45 /* LaunchScreen.storyboard */; };
		687643D1430B5CF7B15E5377 /* SKMultiLineNode.swift in Sources */ = {isa = PBXBuildFile; fileRef = 6876408B7E25536C0DF4DF36 /* SKMultiLineNode.swift */; };
		68764532A0FAE8677B4FE639 /* junegull.ttf in Resources */ = {isa = PBXBuildFile; fileRef = 687649C7CA668FE0EA9726C8 /* junegull.ttf */; };
		6876462FF9610CABA90B21E1 /* ScoreLabel.swift in Sources */ = {isa = PBXBuildFile; fileRef = 68764DA02A9919CB343C48C0 /* ScoreLabel.swift */; };
		687646703CB4F191DEEEC678 /* PlayableClickScene.swift in Sources */ = {isa = PBXBuildFile; fileRef = 68764AD4AE299507657EC8F3 /* PlayableClickScene.swift */; };
		6876474970077BEAFDE0CEA8 /* Paths.swift in Sources */ = {isa = PBXBuildFile; fileRef = 687646EAD4C47F3B19CDF0F2 /* Paths.swift */; };
		6876474CAEB58111E543587D /* ClickableScene.swift in Sources */ = {isa = PBXBuildFile; fileRef = 687644754CBFEA2F44112700 /* ClickableScene.swift */; };
		68764A05B4E40DF0FB01F477 /* ForceTouchScene.swift in Sources */ = {isa = PBXBuildFile; fileRef = 68764CE41BBCC89658067200 /* ForceTouchScene.swift */; };
		68764DB4B10D5B136FCD2FCB /* TransitionHandler.swift in Sources */ = {isa = PBXBuildFile; fileRef = 687647677541D0BCAFB283EA /* TransitionHandler.swift */; };
/* End PBXBuildFile section */

/* Begin PBXFileReference section */
		430F2D171DFC43E6003CFF01 /* BallSprite.swift */ = {isa = PBXFileReference; fileEncoding = 4; lastKnownFileType = sourcecode.swift; path = BallSprite.swift; sourceTree = "<group>"; };
		43472C0D1DABF5CD00B00FAB /* Spin Zone.app */ = {isa = PBXFileReference; explicitFileType = wrapper.application; includeInIndex = 0; path = "Spin Zone.app"; sourceTree = BUILT_PRODUCTS_DIR; };
		43472C161DABF5CD00B00FAB /* GameScene.swift */ = {isa = PBXFileReference; lastKnownFileType = sourcecode.swift; path = GameScene.swift; sourceTree = "<group>"; usesTabs = 1; };
		43472C181DABF5CD00B00FAB /* GameViewController.swift */ = {isa = PBXFileReference; lastKnownFileType = sourcecode.swift; path = GameViewController.swift; sourceTree = "<group>"; };
		43472C1B1DABF5CD00B00FAB /* Base */ = {isa = PBXFileReference; lastKnownFileType = file.storyboard; name = Base; path = Base.lproj/Main.storyboard; sourceTree = "<group>"; };
		43472C1D1DABF5CD00B00FAB /* Assets.xcassets */ = {isa = PBXFileReference; lastKnownFileType = folder.assetcatalog; path = Assets.xcassets; sourceTree = "<group>"; };
		43479DCB1E19C19C0095917F /* GameLoseScene.swift */ = {isa = PBXFileReference; fileEncoding = 4; lastKnownFileType = sourcecode.swift; path = GameLoseScene.swift; sourceTree = "<group>"; };
		4359F9FC1EB63BFA0064A8F0 /* GameView.swift */ = {isa = PBXFileReference; fileEncoding = 4; lastKnownFileType = sourcecode.swift; path = GameView.swift; sourceTree = "<group>"; };
		436AC0431E072D81007167D8 /* Extensions.swift */ = {isa = PBXFileReference; fileEncoding = 4; lastKnownFileType = sourcecode.swift; path = Extensions.swift; sourceTree = "<group>"; };
		43B763AE1DE3D195006461C1 /* GameModel.swift */ = {isa = PBXFileReference; fileEncoding = 4; lastKnownFileType = sourcecode.swift; path = GameModel.swift; sourceTree = "<group>"; };
		43D5AF291EE3AFDE00D2AC07 /* ThemeManager.swift */ = {isa = PBXFileReference; fileEncoding = 4; lastKnownFileType = sourcecode.swift; path = ThemeManager.swift; sourceTree = "<group>"; };
		43E719761E073F7B0026E32D /* GameStartMenu.swift */ = {isa = PBXFileReference; fileEncoding = 4; lastKnownFileType = sourcecode.swift; path = GameStartMenu.swift; sourceTree = "<group>"; };
		43E7197C1E088CF10026E32D /* ButtonSprite.swift */ = {isa = PBXFileReference; fileEncoding = 4; lastKnownFileType = sourcecode.swift; path = ButtonSprite.swift; sourceTree = "<group>"; };
		43E7197E1E088D660026E32D /* Defined.swift */ = {isa = PBXFileReference; fileEncoding = 4; lastKnownFileType = sourcecode.swift; path = Defined.swift; sourceTree = "<group>"; };
		43E9AEC41E344941003508FF /* GameKit.framework */ = {isa = PBXFileReference; lastKnownFileType = wrapper.framework; name = GameKit.framework; path = System/Library/Frameworks/GameKit.framework; sourceTree = SDKROOT; };
		68764038726F21E8AE84CC81 /* AppDelegate.swift */ = {isa = PBXFileReference; fileEncoding = 4; lastKnownFileType = sourcecode.swift; path = AppDelegate.swift; sourceTree = "<group>"; };
		6876408B7E25536C0DF4DF36 /* SKMultiLineNode.swift */ = {isa = PBXFileReference; fileEncoding = 4; lastKnownFileType = sourcecode.swift; path = SKMultiLineNode.swift; sourceTree = "<group>"; };
		687643459D2A588669F060E9 /* SpinZoneLevel.swift */ = {isa = PBXFileReference; fileEncoding = 4; lastKnownFileType = sourcecode.swift; path = SpinZoneLevel.swift; sourceTree = "<group>"; };
		687644754CBFEA2F44112700 /* ClickableScene.swift */ = {isa = PBXFileReference; fileEncoding = 4; lastKnownFileType = sourcecode.swift; path = ClickableScene.swift; sourceTree = "<group>"; };
		6876463ABBA9BD179332AE87 /* SpinZoneManager.swift */ = {isa = PBXFileReference; fileEncoding = 4; lastKnownFileType = sourcecode.swift; path = SpinZoneManager.swift; sourceTree = "<group>"; };
		687646EAD4C47F3B19CDF0F2 /* Paths.swift */ = {isa = PBXFileReference; fileEncoding = 4; lastKnownFileType = sourcecode.swift; path = Paths.swift; sourceTree = "<group>"; };
		687647677541D0BCAFB283EA /* TransitionHandler.swift */ = {isa = PBXFileReference; fileEncoding = 4; lastKnownFileType = sourcecode.swift; path = TransitionHandler.swift; sourceTree = "<group>"; };
		687649C7CA668FE0EA9726C8 /* junegull.ttf */ = {isa = PBXFileReference; lastKnownFileType = file.ttf; path = junegull.ttf; sourceTree = "<group>"; };
		68764AD4AE299507657EC8F3 /* PlayableClickScene.swift */ = {isa = PBXFileReference; fileEncoding = 4; lastKnownFileType = sourcecode.swift; path = PlayableClickScene.swift; sourceTree = "<group>"; };
		68764CE41BBCC89658067200 /* ForceTouchScene.swift */ = {isa = PBXFileReference; fileEncoding = 4; lastKnownFileType = sourcecode.swift; path = ForceTouchScene.swift; sourceTree = "<group>"; };
		68764DA02A9919CB343C48C0 /* ScoreLabel.swift */ = {isa = PBXFileReference; fileEncoding = 4; lastKnownFileType = sourcecode.swift; path = ScoreLabel.swift; sourceTree = "<group>"; };
		68764DF01F973A5F87FC1183 /* Base */ = {isa = PBXFileReference; lastKnownFileType = file.storyboard; name = Base; path = SKCircleGame/Base.lproj/LaunchScreen.storyboard; sourceTree = SOURCE_ROOT; };
		68764F7C88177FBB48366C85 /* Info.plist */ = {isa = PBXFileReference; fileEncoding = 4; lastKnownFileType = text.plist.info; path = Info.plist; sourceTree = "<group>"; };
/* End PBXFileReference section */

/* Begin PBXFrameworksBuildPhase section */
		43472C0A1DABF5CD00B00FAB /* Frameworks */ = {
			isa = PBXFrameworksBuildPhase;
			buildActionMask = 2147483647;
			files = (
				43E9AEC51E344941003508FF /* GameKit.framework in Frameworks */,
			);
			runOnlyForDeploymentPostprocessing = 0;
		};
/* End PBXFrameworksBuildPhase section */

/* Begin PBXGroup section */
		43472C041DABF5CC00B00FAB = {
			isa = PBXGroup;
			children = (
				43472C0F1DABF5CD00B00FAB /* Spin Zone */,
				43472C0E1DABF5CD00B00FAB /* Products */,
				43E9AEC31E344941003508FF /* Frameworks */,
			);
			sourceTree = "<group>";
		};
		43472C0E1DABF5CD00B00FAB /* Products */ = {
			isa = PBXGroup;
			children = (
				43472C0D1DABF5CD00B00FAB /* Spin Zone.app */,
			);
			name = Products;
			sourceTree = "<group>";
		};
		43472C0F1DABF5CD00B00FAB /* Spin Zone */ = {
			isa = PBXGroup;
			children = (
				43E719751E073AA80026E32D /* controller */,
				436AC0421E072CF2007167D8 /* extensions */,
				436AC03F1E05CB39007167D8 /* model */,
				43B763BD1DE736B1006461C1 /* scene */,
				43B763B61DE51979006461C1 /* sprites */,
				43E7197E1E088D660026E32D /* Defined.swift */,
				43472C1D1DABF5CD00B00FAB /* Assets.xcassets */,
				4359F9FE1EB63C000064A8F0 /* game */,
				68764B1FD640028EE51D0FF3 /* Supporting Files */,
				68764F7C88177FBB48366C85 /* Info.plist */,
			);
			name = "Spin Zone";
			path = SKCircleGame;
			sourceTree = "<group>";
		};
		4359F9FE1EB63C000064A8F0 /* game */ = {
			isa = PBXGroup;
			children = (
				4359F9FC1EB63BFA0064A8F0 /* GameView.swift */,
				687646EAD4C47F3B19CDF0F2 /* Paths.swift */,
				687643459D2A588669F060E9 /* SpinZoneLevel.swift */,
				6876463ABBA9BD179332AE87 /* SpinZoneManager.swift */,
				43D5AF291EE3AFDE00D2AC07 /* ThemeManager.swift */,
			);
			name = game;
			sourceTree = "<group>";
		};
		436AC03F1E05CB39007167D8 /* model */ = {
			isa = PBXGroup;
			children = (
				43B763AE1DE3D195006461C1 /* GameModel.swift */,
			);
			name = model;
			sourceTree = "<group>";
		};
		436AC0421E072CF2007167D8 /* extensions */ = {
			isa = PBXGroup;
			children = (
				436AC0431E072D81007167D8 /* Extensions.swift */,
			);
			name = extensions;
			sourceTree = "<group>";
		};
		43B763B61DE51979006461C1 /* sprites */ = {
			isa = PBXGroup;
			children = (
				430F2D171DFC43E6003CFF01 /* BallSprite.swift */,
				43E7197C1E088CF10026E32D /* ButtonSprite.swift */,
				68764DA02A9919CB343C48C0 /* ScoreLabel.swift */,
				6876408B7E25536C0DF4DF36 /* SKMultiLineNode.swift */,
			);
			name = sprites;
			sourceTree = "<group>";
		};
		43B763BD1DE736B1006461C1 /* scene */ = {
			isa = PBXGroup;
			children = (
				43472C161DABF5CD00B00FAB /* GameScene.swift */,
				43E719761E073F7B0026E32D /* GameStartMenu.swift */,
				43479DCB1E19C19C0095917F /* GameLoseScene.swift */,
				68764C62E42B866AE3D79FCB /* abstract */,
			);
			name = scene;
			sourceTree = "<group>";
		};
		43E719751E073AA80026E32D /* controller */ = {
			isa = PBXGroup;
			children = (
				43472C1A1DABF5CD00B00FAB /* Main.storyboard */,
				43472C181DABF5CD00B00FAB /* GameViewController.swift */,
			);
			name = controller;
			sourceTree = "<group>";
		};
		43E9AEC31E344941003508FF /* Frameworks */ = {
			isa = PBXGroup;
			children = (
				43E9AEC41E344941003508FF /* GameKit.framework */,
			);
			name = Frameworks;
			sourceTree = "<group>";
		};
		68764B1FD640028EE51D0FF3 /* Supporting Files */ = {
			isa = PBXGroup;
			children = (
				68764038726F21E8AE84CC81 /* AppDelegate.swift */,
				687649C7CA668FE0EA9726C8 /* junegull.ttf */,
				687646D7D878F7DA609FCA45 /* LaunchScreen.storyboard */,
			);
			path = "Supporting Files";
			sourceTree = "<group>";
		};
		68764C62E42B866AE3D79FCB /* abstract */ = {
			isa = PBXGroup;
			children = (
				687644754CBFEA2F44112700 /* ClickableScene.swift */,
				68764AD4AE299507657EC8F3 /* PlayableClickScene.swift */,
				687647677541D0BCAFB283EA /* TransitionHandler.swift */,
				68764CE41BBCC89658067200 /* ForceTouchScene.swift */,
			);
			name = abstract;
			sourceTree = "<group>";
		};
/* End PBXGroup section */

/* Begin PBXNativeTarget section */
		43472C0C1DABF5CD00B00FAB /* Spin Zone */ = {
			isa = PBXNativeTarget;
			buildConfigurationList = 43472C251DABF5CD00B00FAB /* Build configuration list for PBXNativeTarget "Spin Zone" */;
			buildPhases = (
				43472C091DABF5CD00B00FAB /* Sources */,
				43472C0A1DABF5CD00B00FAB /* Frameworks */,
				43472C0B1DABF5CD00B00FAB /* Resources */,
				43479DCF1E19CB9A0095917F /* Run Script */,
			);
			buildRules = (
			);
			dependencies = (
			);
			name = "Spin Zone";
			productName = SKCircleGame;
			productReference = 43472C0D1DABF5CD00B00FAB /* Spin Zone.app */;
			productType = "com.apple.product-type.application";
		};
/* End PBXNativeTarget section */

/* Begin PBXProject section */
		43472C051DABF5CC00B00FAB /* Project object */ = {
			isa = PBXProject;
			attributes = {
				LastSwiftUpdateCheck = 0800;
				LastUpgradeCheck = 0910;
				ORGANIZATIONNAME = "Nicholas Grana";
				TargetAttributes = {
					43472C0C1DABF5CD00B00FAB = {
						CreatedOnToolsVersion = 8.0;
						DevelopmentTeam = 6B5AP37L3T;
						LastSwiftMigration = 0910;
						ProvisioningStyle = Automatic;
						SystemCapabilities = {
							com.apple.GameCenter = {
								enabled = 1;
							};
						};
					};
				};
			};
			buildConfigurationList = 43472C081DABF5CC00B00FAB /* Build configuration list for PBXProject "Spin Zone" */;
			compatibilityVersion = "Xcode 3.2";
			developmentRegion = English;
			hasScannedForEncodings = 0;
			knownRegions = (
				en,
				Base,
			);
			mainGroup = 43472C041DABF5CC00B00FAB;
			productRefGroup = 43472C0E1DABF5CD00B00FAB /* Products */;
			projectDirPath = "";
			projectRoot = "";
			targets = (
				43472C0C1DABF5CD00B00FAB /* Spin Zone */,
			);
		};
/* End PBXProject section */

/* Begin PBXResourcesBuildPhase section */
		43472C0B1DABF5CD00B00FAB /* Resources */ = {
			isa = PBXResourcesBuildPhase;
			buildActionMask = 2147483647;
			files = (
				43472C1C1DABF5CD00B00FAB /* Main.storyboard in Resources */,
				43472C1E1DABF5CD00B00FAB /* Assets.xcassets in Resources */,
				68764532A0FAE8677B4FE639 /* junegull.ttf in Resources */,
				6876427F300DA916B410BAAC /* LaunchScreen.storyboard in Resources */,
			);
			runOnlyForDeploymentPostprocessing = 0;
		};
/* End PBXResourcesBuildPhase section */

/* Begin PBXShellScriptBuildPhase section */
		43479DCF1E19CB9A0095917F /* Run Script */ = {
			isa = PBXShellScriptBuildPhase;
			buildActionMask = 2147483647;
			files = (
			);
			inputPaths = (
			);
			name = "Run Script";
			outputPaths = (
			);
			runOnlyForDeploymentPostprocessing = 0;
			shellPath = /bin/sh;
			shellScript = "";
		};
/* End PBXShellScriptBuildPhase section */

/* Begin PBXSourcesBuildPhase section */
		43472C091DABF5CD00B00FAB /* Sources */ = {
			isa = PBXSourcesBuildPhase;
			buildActionMask = 2147483647;
			files = (
				43E7197D1E088CF10026E32D /* ButtonSprite.swift in Sources */,
				43472C171DABF5CD00B00FAB /* GameScene.swift in Sources */,
				43472C191DABF5CD00B00FAB /* GameViewController.swift in Sources */,
				43B763AF1DE3D195006461C1 /* GameModel.swift in Sources */,
				430F2D181DFC43E6003CFF01 /* BallSprite.swift in Sources */,
				43E719771E073F7B0026E32D /* GameStartMenu.swift in Sources */,
				43479DCC1E19C19C0095917F /* GameLoseScene.swift in Sources */,
				43E7197F1E088D660026E32D /* Defined.swift in Sources */,
				4359F9FD1EB63BFA0064A8F0 /* GameView.swift in Sources */,
				43D5AF2A1EE3AFDE00D2AC07 /* ThemeManager.swift in Sources */,
				436AC0441E072D81007167D8 /* Extensions.swift in Sources */,
				68764006B96371C1A1E91B96 /* AppDelegate.swift in Sources */,
				6876474970077BEAFDE0CEA8 /* Paths.swift in Sources */,
				6876411BBE331DCA3975F533 /* SpinZoneLevel.swift in Sources */,
				687641D854562CDBB24FEA26 /* SpinZoneManager.swift in Sources */,
				6876474CAEB58111E543587D /* ClickableScene.swift in Sources */,
				687646703CB4F191DEEEC678 /* PlayableClickScene.swift in Sources */,
				68764DB4B10D5B136FCD2FCB /* TransitionHandler.swift in Sources */,
				6876462FF9610CABA90B21E1 /* ScoreLabel.swift in Sources */,
				68764A05B4E40DF0FB01F477 /* ForceTouchScene.swift in Sources */,
				687643D1430B5CF7B15E5377 /* SKMultiLineNode.swift in Sources */,
			);
			runOnlyForDeploymentPostprocessing = 0;
		};
/* End PBXSourcesBuildPhase section */

/* Begin PBXVariantGroup section */
		43472C1A1DABF5CD00B00FAB /* Main.storyboard */ = {
			isa = PBXVariantGroup;
			children = (
				43472C1B1DABF5CD00B00FAB /* Base */,
			);
			name = Main.storyboard;
			sourceTree = "<group>";
		};
		687646D7D878F7DA609FCA45 /* LaunchScreen.storyboard */ = {
			isa = PBXVariantGroup;
			children = (
				68764DF01F973A5F87FC1183 /* Base */,
			);
			name = LaunchScreen.storyboard;
			sourceTree = "<group>";
		};
/* End PBXVariantGroup section */

/* Begin XCBuildConfiguration section */
		43472C231DABF5CD00B00FAB /* Debug */ = {
			isa = XCBuildConfiguration;
			buildSettings = {
				ALWAYS_SEARCH_USER_PATHS = NO;
				CLANG_ANALYZER_NONNULL = YES;
				CLANG_CXX_LANGUAGE_STANDARD = "gnu++0x";
				CLANG_CXX_LIBRARY = "libc++";
				CLANG_ENABLE_MODULES = YES;
				CLANG_ENABLE_OBJC_ARC = YES;
				CLANG_WARN_BLOCK_CAPTURE_AUTORELEASING = YES;
				CLANG_WARN_BOOL_CONVERSION = YES;
				CLANG_WARN_COMMA = YES;
				CLANG_WARN_CONSTANT_CONVERSION = YES;
				CLANG_WARN_DIRECT_OBJC_ISA_USAGE = YES_ERROR;
				CLANG_WARN_DOCUMENTATION_COMMENTS = YES;
				CLANG_WARN_EMPTY_BODY = YES;
				CLANG_WARN_ENUM_CONVERSION = YES;
				CLANG_WARN_INFINITE_RECURSION = YES;
				CLANG_WARN_INT_CONVERSION = YES;
				CLANG_WARN_NON_LITERAL_NULL_CONVERSION = YES;
				CLANG_WARN_OBJC_LITERAL_CONVERSION = YES;
				CLANG_WARN_OBJC_ROOT_CLASS = YES_ERROR;
				CLANG_WARN_RANGE_LOOP_ANALYSIS = YES;
				CLANG_WARN_STRICT_PROTOTYPES = YES;
				CLANG_WARN_SUSPICIOUS_MOVE = YES;
				CLANG_WARN_SUSPICIOUS_MOVES = YES;
				CLANG_WARN_UNREACHABLE_CODE = YES;
				CLANG_WARN__DUPLICATE_METHOD_MATCH = YES;
				"CODE_SIGN_IDENTITY[sdk=iphoneos*]" = "iPhone Developer";
				COPY_PHASE_STRIP = NO;
				DEBUG_INFORMATION_FORMAT = dwarf;
				ENABLE_STRICT_OBJC_MSGSEND = YES;
				ENABLE_TESTABILITY = YES;
				GCC_C_LANGUAGE_STANDARD = gnu99;
				GCC_DYNAMIC_NO_PIC = NO;
				GCC_NO_COMMON_BLOCKS = YES;
				GCC_OPTIMIZATION_LEVEL = 0;
				GCC_PREPROCESSOR_DEFINITIONS = (
					"DEBUG=1",
					"$(inherited)",
				);
				GCC_WARN_64_TO_32_BIT_CONVERSION = YES;
				GCC_WARN_ABOUT_RETURN_TYPE = YES_ERROR;
				GCC_WARN_UNDECLARED_SELECTOR = YES;
				GCC_WARN_UNINITIALIZED_AUTOS = YES_AGGRESSIVE;
				GCC_WARN_UNUSED_FUNCTION = YES;
				GCC_WARN_UNUSED_VARIABLE = YES;
				IPHONEOS_DEPLOYMENT_TARGET = 10.0;
				MTL_ENABLE_DEBUG_INFO = YES;
				ONLY_ACTIVE_ARCH = YES;
				SDKROOT = iphoneos;
				SWIFT_ACTIVE_COMPILATION_CONDITIONS = DEBUG;
				SWIFT_OPTIMIZATION_LEVEL = "-Onone";
			};
			name = Debug;
		};
		43472C241DABF5CD00B00FAB /* Release */ = {
			isa = XCBuildConfiguration;
			buildSettings = {
				ALWAYS_SEARCH_USER_PATHS = NO;
				CLANG_ANALYZER_NONNULL = YES;
				CLANG_CXX_LANGUAGE_STANDARD = "gnu++0x";
				CLANG_CXX_LIBRARY = "libc++";
				CLANG_ENABLE_MODULES = YES;
				CLANG_ENABLE_OBJC_ARC = YES;
				CLANG_WARN_BLOCK_CAPTURE_AUTORELEASING = YES;
				CLANG_WARN_BOOL_CONVERSION = YES;
				CLANG_WARN_COMMA = YES;
				CLANG_WARN_CONSTANT_CONVERSION = YES;
				CLANG_WARN_DIRECT_OBJC_ISA_USAGE = YES_ERROR;
				CLANG_WARN_DOCUMENTATION_COMMENTS = YES;
				CLANG_WARN_EMPTY_BODY = YES;
				CLANG_WARN_ENUM_CONVERSION = YES;
				CLANG_WARN_INFINITE_RECURSION = YES;
				CLANG_WARN_INT_CONVERSION = YES;
				CLANG_WARN_NON_LITERAL_NULL_CONVERSION = YES;
				CLANG_WARN_OBJC_LITERAL_CONVERSION = YES;
				CLANG_WARN_OBJC_ROOT_CLASS = YES_ERROR;
				CLANG_WARN_RANGE_LOOP_ANALYSIS = YES;
				CLANG_WARN_STRICT_PROTOTYPES = YES;
				CLANG_WARN_SUSPICIOUS_MOVE = YES;
				CLANG_WARN_SUSPICIOUS_MOVES = YES;
				CLANG_WARN_UNREACHABLE_CODE = YES;
				CLANG_WARN__DUPLICATE_METHOD_MATCH = YES;
				"CODE_SIGN_IDENTITY[sdk=iphoneos*]" = "iPhone Developer";
				COPY_PHASE_STRIP = NO;
				DEBUG_INFORMATION_FORMAT = "dwarf-with-dsym";
				ENABLE_NS_ASSERTIONS = NO;
				ENABLE_STRICT_OBJC_MSGSEND = YES;
				GCC_C_LANGUAGE_STANDARD = gnu99;
				GCC_NO_COMMON_BLOCKS = YES;
				GCC_WARN_64_TO_32_BIT_CONVERSION = YES;
				GCC_WARN_ABOUT_RETURN_TYPE = YES_ERROR;
				GCC_WARN_UNDECLARED_SELECTOR = YES;
				GCC_WARN_UNINITIALIZED_AUTOS = YES_AGGRESSIVE;
				GCC_WARN_UNUSED_FUNCTION = YES;
				GCC_WARN_UNUSED_VARIABLE = YES;
				IPHONEOS_DEPLOYMENT_TARGET = 10.0;
				MTL_ENABLE_DEBUG_INFO = NO;
				SDKROOT = iphoneos;
				SWIFT_OPTIMIZATION_LEVEL = "-Owholemodule";
				VALIDATE_PRODUCT = YES;
			};
			name = Release;
		};
		43472C261DABF5CD00B00FAB /* Debug */ = {
			isa = XCBuildConfiguration;
			buildSettings = {
				ASSETCATALOG_COMPILER_APPICON_NAME = AppIcon;
				DEBUG_INFORMATION_FORMAT = "dwarf-with-dsym";
				DEVELOPMENT_TEAM = 6B5AP37L3T;
				FRAMEWORK_SEARCH_PATHS = (
					"$(inherited)",
					"$(PROJECT_DIR)",
				);
				INFOPLIST_FILE = SKCircleGame/Info.plist;
				IPHONEOS_DEPLOYMENT_TARGET = 10.0;
				LD_RUNPATH_SEARCH_PATHS = "$(inherited) @executable_path/Frameworks";
				PRODUCT_BUNDLE_IDENTIFIER = com.nicholasgrana.spinzone;
				PRODUCT_NAME = "$(TARGET_NAME)";
				SWIFT_SWIFT3_OBJC_INFERENCE = On;
				SWIFT_VERSION = 4.0;
				TARGETED_DEVICE_FAMILY = "1,2";
			};
			name = Debug;
		};
		43472C271DABF5CD00B00FAB /* Release */ = {
			isa = XCBuildConfiguration;
			buildSettings = {
				ASSETCATALOG_COMPILER_APPICON_NAME = AppIcon;
				DEVELOPMENT_TEAM = 6B5AP37L3T;
				FRAMEWORK_SEARCH_PATHS = (
					"$(inherited)",
					"$(PROJECT_DIR)",
				);
				INFOPLIST_FILE = SKCircleGame/Info.plist;
				IPHONEOS_DEPLOYMENT_TARGET = 10.0;
				LD_RUNPATH_SEARCH_PATHS = "$(inherited) @executable_path/Frameworks";
				PRODUCT_BUNDLE_IDENTIFIER = com.nicholasgrana.spinzone;
				PRODUCT_NAME = "$(TARGET_NAME)";
				SWIFT_SWIFT3_OBJC_INFERENCE = On;
				SWIFT_VERSION = 4.0;
				TARGETED_DEVICE_FAMILY = "1,2";
			};
			name = Release;
		};
/* End XCBuildConfiguration section */

/* Begin XCConfigurationList section */
		43472C081DABF5CC00B00FAB /* Build configuration list for PBXProject "Spin Zone" */ = {
			isa = XCConfigurationList;
			buildConfigurations = (
				43472C231DABF5CD00B00FAB /* Debug */,
				43472C241DABF5CD00B00FAB /* Release */,
			);
			defaultConfigurationIsVisible = 0;
			defaultConfigurationName = Release;
		};
		43472C251DABF5CD00B00FAB /* Build configuration list for PBXNativeTarget "Spin Zone" */ = {
			isa = XCConfigurationList;
			buildConfigurations = (
				43472C261DABF5CD00B00FAB /* Debug */,
				43472C271DABF5CD00B00FAB /* Release */,
			);
			defaultConfigurationIsVisible = 0;
			defaultConfigurationName = Release;
		};
/* End XCConfigurationList section */
	};
	rootObject = 43472C051DABF5CC00B00FAB /* Project object */;
}
